
Microsoft Visual Studio Solution File, Format Version 12.00
# Visual Studio 15
VisualStudioVersion = 15.0.27130.2003
MinimumVisualStudioVersion = 10.0.40219.1
Project("{FAE04EC0-301F-11D3-BF4B-00C04F79EFBC}") = "MatrizEsparsa", "MatrizEsparsa\MatrizEsparsa.csproj", "{104A7F9B-2A45-44F3-A1BF-E56CF254C471}"
EndProject
Global
	GlobalSection(SolutionConfigurationPlatforms) = preSolution
		Debug|Any CPU = Debug|Any CPU
		Release|Any CPU = Release|Any CPU
	EndGlobalSection
	GlobalSection(ProjectConfigurationPlatforms) = postSolution
		{104A7F9B-2A45-44F3-A1BF-E56CF254C471}.Debug|Any CPU.ActiveCfg = Debug|Any CPU
		{104A7F9B-2A45-44F3-A1BF-E56CF254C471}.Debug|Any CPU.Build.0 = Debug|Any CPU
		{104A7F9B-2A45-44F3-A1BF-E56CF254C471}.Release|Any CPU.ActiveCfg = Release|Any CPU
		{104A7F9B-2A45-44F3-A1BF-E56CF254C471}.Release|Any CPU.Build.0 = Release|Any CPU
	EndGlobalSection
	GlobalSection(SolutionProperties) = preSolution
		HideSolutionNode = FALSE
	EndGlobalSection
	GlobalSection(ExtensibilityGlobals) = postSolution
		SolutionGuid = {95066EE3-F078-4F4B-B921-6F720E22EAEF}
	EndGlobalSection
EndGlobal
